
Microsoft Visual Studio Solution File, Format Version 12.00
# Visual Studio Version 17
VisualStudioVersion = 17.5.33530.505
MinimumVisualStudioVersion = 10.0.40219.1
Project("{2150E333-8FDC-42A3-9474-1A3956D46DE8}") = "src", "src", "{5668F523-6F56-4324-A5E8-21CAC7D2FEA2}"
EndProject
Project("{2150E333-8FDC-42A3-9474-1A3956D46DE8}") = "test", "test", "{FFA5D40A-DDA2-4048-8724-D985B29F9266}"
EndProject
Project("{9A19103F-16F7-4668-BE54-9A1E7A4F7556}") = "TestProject", "test\TestProject\TestProject.csproj", "{5F71F87C-A032-446A-AA51-9C7FEFAEBDA0}"
EndProject
Project("{9A19103F-16F7-4668-BE54-9A1E7A4F7556}") = "Common", "src\Common\Common.csproj", "{C4E33C7A-CD29-42DD-9F0C-B44C576026D0}"
EndProject
Project("{9A19103F-16F7-4668-BE54-9A1E7A4F7556}") = "WebApi", "src\WebApi\WebApi.csproj", "{1F1D084C-99C5-47CA-9876-8F3A322482CF}"
EndProject
Global
	GlobalSection(SolutionConfigurationPlatforms) = preSolution
		Debug|Any CPU = Debug|Any CPU
		Release|Any CPU = Release|Any CPU
	EndGlobalSection
	GlobalSection(ProjectConfigurationPlatforms) = postSolution
		{5F71F87C-A032-446A-AA51-9C7FEFAEBDA0}.Debug|Any CPU.ActiveCfg = Debug|Any CPU
		{5F71F87C-A032-446A-AA51-9C7FEFAEBDA0}.Debug|Any CPU.Build.0 = Debug|Any CPU
		{5F71F87C-A032-446A-AA51-9C7FEFAEBDA0}.Release|Any CPU.ActiveCfg = Release|Any CPU
		{5F71F87C-A032-446A-AA51-9C7FEFAEBDA0}.Release|Any CPU.Build.0 = Release|Any CPU
		{C4E33C7A-CD29-42DD-9F0C-B44C576026D0}.Debug|Any CPU.ActiveCfg = Debug|Any CPU
		{C4E33C7A-CD29-42DD-9F0C-B44C576026D0}.Debug|Any CPU.Build.0 = Debug|Any CPU
		{C4E33C7A-CD29-42DD-9F0C-B44C576026D0}.Release|Any CPU.ActiveCfg = Release|Any CPU
		{C4E33C7A-CD29-42DD-9F0C-B44C576026D0}.Release|Any CPU.Build.0 = Release|Any CPU
		{1F1D084C-99C5-47CA-9876-8F3A322482CF}.Debug|Any CPU.ActiveCfg = Debug|Any CPU
		{1F1D084C-99C5-47CA-9876-8F3A322482CF}.Debug|Any CPU.Build.0 = Debug|Any CPU
		{1F1D084C-99C5-47CA-9876-8F3A322482CF}.Release|Any CPU.ActiveCfg = Release|Any CPU
		{1F1D084C-99C5-47CA-9876-8F3A322482CF}.Release|Any CPU.Build.0 = Release|Any CPU
	EndGlobalSection
	GlobalSection(SolutionProperties) = preSolution
		HideSolutionNode = FALSE
	EndGlobalSection
	GlobalSection(NestedProjects) = preSolution
		{5F71F87C-A032-446A-AA51-9C7FEFAEBDA0} = {FFA5D40A-DDA2-4048-8724-D985B29F9266}
		{C4E33C7A-CD29-42DD-9F0C-B44C576026D0} = {5668F523-6F56-4324-A5E8-21CAC7D2FEA2}
		{1F1D084C-99C5-47CA-9876-8F3A322482CF} = {5668F523-6F56-4324-A5E8-21CAC7D2FEA2}
	EndGlobalSection
	GlobalSection(ExtensibilityGlobals) = postSolution
		SolutionGuid = {5DC2AF43-036A-4B05-8A87-065FEB37D468}
	EndGlobalSection
EndGlobal
